
Microsoft Visual Studio Solution File, Format Version 12.00
# Visual Studio Version 17
VisualStudioVersion = 17.10.35013.160
MinimumVisualStudioVersion = 10.0.40219.1
Project("{FAE04EC0-301F-11D3-BF4B-00C04F79EFBC}") = "Week_13_Dependency_Injection", "Week_13_Dependency_Injection\Week_13_Dependency_Injection.csproj", "{580CF68C-C0C7-4BDC-A52B-EBA00EDE9E01}"
EndProject
Global
	GlobalSection(SolutionConfigurationPlatforms) = preSolution
		Debug|Any CPU = Debug|Any CPU
		Release|Any CPU = Release|Any CPU
	EndGlobalSection
	GlobalSection(ProjectConfigurationPlatforms) = postSolution
		{580CF68C-C0C7-4BDC-A52B-EBA00EDE9E01}.Debug|Any CPU.ActiveCfg = Debug|Any CPU
		{580CF68C-C0C7-4BDC-A52B-EBA00EDE9E01}.Debug|Any CPU.Build.0 = Debug|Any CPU
		{580CF68C-C0C7-4BDC-A52B-EBA00EDE9E01}.Release|Any CPU.ActiveCfg = Release|Any CPU
		{580CF68C-C0C7-4BDC-A52B-EBA00EDE9E01}.Release|Any CPU.Build.0 = Release|Any CPU
	EndGlobalSection
	GlobalSection(SolutionProperties) = preSolution
		HideSolutionNode = FALSE
	EndGlobalSection
	GlobalSection(ExtensibilityGlobals) = postSolution
		SolutionGuid = {B6853542-8056-4F96-BCA9-64CCB3AA892D}
	EndGlobalSection
EndGlobal
